
Microsoft Visual Studio Solution File, Format Version 12.00
# Visual Studio Version 16
VisualStudioVersion = 16.0.29709.97
MinimumVisualStudioVersion = 10.0.40219.1
Project("{FAE04EC0-301F-11D3-BF4B-00C04F79EFBC}") = "SSASTabular", "SSASTabular\SSASTabular.csproj", "{FAE04EC0-301F-11D3-BF4B-00C04F79EFBC}"
EndProject
Project("{FAE04EC0-301F-11D3-BF4B-00C04F79EFBC}") = "SSASDeploy", "SSASDeploy\SSASDeploy.csproj", "{56E3DD6D-5788-415A-B62F-352894E848FA}"
EndProject
Project("{FAE04EC0-301F-11D3-BF4B-00C04F79EFBC}") = "DAXRunner", "DAXRunner\DAXRunner.csproj", "{B1F4B799-1067-4450-B8B7-5D13C4AA94A3}"
EndProject
Project("{FAE04EC0-301F-11D3-BF4B-00C04F79EFBC}") = "SSASLoad", "SSASLoad\SSASLoad.csproj", "{482D46F9-2F97-436F-A59E-8AC52FE98E54}"
EndProject
Global
	GlobalSection(SolutionConfigurationPlatforms) = preSolution
		Datatest|Any CPU = Datatest|Any CPU
		Debug|Any CPU = Debug|Any CPU
		Release|Any CPU = Release|Any CPU
	EndGlobalSection
	GlobalSection(ProjectConfigurationPlatforms) = postSolution
		{FAE04EC0-301F-11D3-BF4B-00C04F79EFBC}.Datatest|Any CPU.ActiveCfg = Debug|Any CPU
		{FAE04EC0-301F-11D3-BF4B-00C04F79EFBC}.Datatest|Any CPU.Build.0 = Debug|Any CPU
		{FAE04EC0-301F-11D3-BF4B-00C04F79EFBC}.Debug|Any CPU.ActiveCfg = Debug|Any CPU
		{FAE04EC0-301F-11D3-BF4B-00C04F79EFBC}.Debug|Any CPU.Build.0 = Debug|Any CPU
		{FAE04EC0-301F-11D3-BF4B-00C04F79EFBC}.Release|Any CPU.ActiveCfg = Release|Any CPU
		{FAE04EC0-301F-11D3-BF4B-00C04F79EFBC}.Release|Any CPU.Build.0 = Release|Any CPU
		{56E3DD6D-5788-415A-B62F-352894E848FA}.Datatest|Any CPU.ActiveCfg = Debug|Any CPU
		{56E3DD6D-5788-415A-B62F-352894E848FA}.Datatest|Any CPU.Build.0 = Debug|Any CPU
		{56E3DD6D-5788-415A-B62F-352894E848FA}.Debug|Any CPU.ActiveCfg = Debug|Any CPU
		{56E3DD6D-5788-415A-B62F-352894E848FA}.Debug|Any CPU.Build.0 = Debug|Any CPU
		{56E3DD6D-5788-415A-B62F-352894E848FA}.Release|Any CPU.ActiveCfg = Release|Any CPU
		{56E3DD6D-5788-415A-B62F-352894E848FA}.Release|Any CPU.Build.0 = Release|Any CPU
		{B1F4B799-1067-4450-B8B7-5D13C4AA94A3}.Datatest|Any CPU.ActiveCfg = Debug|Any CPU
		{B1F4B799-1067-4450-B8B7-5D13C4AA94A3}.Datatest|Any CPU.Build.0 = Debug|Any CPU
		{B1F4B799-1067-4450-B8B7-5D13C4AA94A3}.Debug|Any CPU.ActiveCfg = Debug|Any CPU
		{B1F4B799-1067-4450-B8B7-5D13C4AA94A3}.Debug|Any CPU.Build.0 = Debug|Any CPU
		{B1F4B799-1067-4450-B8B7-5D13C4AA94A3}.Release|Any CPU.ActiveCfg = Release|Any CPU
		{B1F4B799-1067-4450-B8B7-5D13C4AA94A3}.Release|Any CPU.Build.0 = Release|Any CPU
		{482D46F9-2F97-436F-A59E-8AC52FE98E54}.Datatest|Any CPU.ActiveCfg = Debug|Any CPU
		{482D46F9-2F97-436F-A59E-8AC52FE98E54}.Datatest|Any CPU.Build.0 = Debug|Any CPU
		{482D46F9-2F97-436F-A59E-8AC52FE98E54}.Debug|Any CPU.ActiveCfg = Debug|Any CPU
		{482D46F9-2F97-436F-A59E-8AC52FE98E54}.Debug|Any CPU.Build.0 = Debug|Any CPU
		{482D46F9-2F97-436F-A59E-8AC52FE98E54}.Release|Any CPU.ActiveCfg = Release|Any CPU
		{482D46F9-2F97-436F-A59E-8AC52FE98E54}.Release|Any CPU.Build.0 = Release|Any CPU
	EndGlobalSection
	GlobalSection(SolutionProperties) = preSolution
		HideSolutionNode = FALSE
	EndGlobalSection
	GlobalSection(ExtensibilityGlobals) = postSolution
		SolutionGuid = {78BDBA48-1E49-4B33-90FD-82135EF6BE0E}
	EndGlobalSection
EndGlobal
